
Microsoft Visual Studio Solution File, Format Version 12.00
# Visual Studio Version 17
VisualStudioVersion = 17.14.36301.6 d17.14
MinimumVisualStudioVersion = 10.0.40219.1
Project("{FAE04EC0-301F-11D3-BF4B-00C04F79EFBC}") = "JwtAuthApi", "JwtAuthApi\JwtAuthApi.csproj", "{ED4802C3-1905-4269-839C-D46C8C39BE90}"
EndProject
Global
	GlobalSection(SolutionConfigurationPlatforms) = preSolution
		Debug|Any CPU = Debug|Any CPU
		Release|Any CPU = Release|Any CPU
	EndGlobalSection
	GlobalSection(ProjectConfigurationPlatforms) = postSolution
		{ED4802C3-1905-4269-839C-D46C8C39BE90}.Debug|Any CPU.ActiveCfg = Debug|Any CPU
		{ED4802C3-1905-4269-839C-D46C8C39BE90}.Debug|Any CPU.Build.0 = Debug|Any CPU
		{ED4802C3-1905-4269-839C-D46C8C39BE90}.Release|Any CPU.ActiveCfg = Release|Any CPU
		{ED4802C3-1905-4269-839C-D46C8C39BE90}.Release|Any CPU.Build.0 = Release|Any CPU
	EndGlobalSection
	GlobalSection(SolutionProperties) = preSolution
		HideSolutionNode = FALSE
	EndGlobalSection
	GlobalSection(ExtensibilityGlobals) = postSolution
		SolutionGuid = {B51CB4F3-42B6-4CC4-A200-D1844C25D022}
	EndGlobalSection
EndGlobal
